
Microsoft Visual Studio Solution File, Format Version 11.00
# Visual Studio 2010
Project("{FAE04EC0-301F-11D3-BF4B-00C04F79EFBC}") = "SPI-App", "SPI-App\SPI-App.csproj", "{438A34FA-4E80-484E-99E7-51CC532297C2}"
EndProject
Global
	GlobalSection(SolutionConfigurationPlatforms) = preSolution
		Debug|x86 = Debug|x86
		Release|x86 = Release|x86
	EndGlobalSection
	GlobalSection(ProjectConfigurationPlatforms) = postSolution
		{438A34FA-4E80-484E-99E7-51CC532297C2}.Debug|x86.ActiveCfg = Debug|x86
		{438A34FA-4E80-484E-99E7-51CC532297C2}.Debug|x86.Build.0 = Debug|x86
		{438A34FA-4E80-484E-99E7-51CC532297C2}.Release|x86.ActiveCfg = Release|x86
		{438A34FA-4E80-484E-99E7-51CC532297C2}.Release|x86.Build.0 = Release|x86
	EndGlobalSection
	GlobalSection(SolutionProperties) = preSolution
		HideSolutionNode = FALSE
	EndGlobalSection
EndGlobal
